
Microsoft Visual Studio Solution File, Format Version 12.00
# Visual Studio 15
VisualStudioVersion = 15.0.28307.539
MinimumVisualStudioVersion = 10.0.40219.1
Project("{8BC9CEB8-8B4A-11D0-8D11-00A0C91BC942}") = "08_27_MineSweeper_YJH.ver", "08_27_MineSweeper_YJH.ver\08_27_MineSweeper_YJH.ver.vcxproj", "{C7CF90D2-0B41-4B6B-BBDF-37615F49A06F}"
EndProject
Global
	GlobalSection(SolutionConfigurationPlatforms) = preSolution
		Debug|x64 = Debug|x64
		Debug|x86 = Debug|x86
		Release|x64 = Release|x64
		Release|x86 = Release|x86
	EndGlobalSection
	GlobalSection(ProjectConfigurationPlatforms) = postSolution
		{C7CF90D2-0B41-4B6B-BBDF-37615F49A06F}.Debug|x64.ActiveCfg = Debug|x64
		{C7CF90D2-0B41-4B6B-BBDF-37615F49A06F}.Debug|x64.Build.0 = Debug|x64
		{C7CF90D2-0B41-4B6B-BBDF-37615F49A06F}.Debug|x86.ActiveCfg = Debug|Win32
		{C7CF90D2-0B41-4B6B-BBDF-37615F49A06F}.Debug|x86.Build.0 = Debug|Win32
		{C7CF90D2-0B41-4B6B-BBDF-37615F49A06F}.Release|x64.ActiveCfg = Release|x64
		{C7CF90D2-0B41-4B6B-BBDF-37615F49A06F}.Release|x64.Build.0 = Release|x64
		{C7CF90D2-0B41-4B6B-BBDF-37615F49A06F}.Release|x86.ActiveCfg = Release|Win32
		{C7CF90D2-0B41-4B6B-BBDF-37615F49A06F}.Release|x86.Build.0 = Release|Win32
	EndGlobalSection
	GlobalSection(SolutionProperties) = preSolution
		HideSolutionNode = FALSE
	EndGlobalSection
	GlobalSection(ExtensibilityGlobals) = postSolution
		SolutionGuid = {4BEB8ECB-4507-4C0E-A94A-08B4D086B8E5}
	EndGlobalSection
EndGlobal
